# This file is automatically @generated by Poetry 1.8.3 and should not be changed by hand.

[[package]]
name = "python-ed-fcad-uner"
version = "0.1.0"
description = ""
optional = false
python-versions = "^3.10"
files = []
develop = false

[package.source]
type = "git"
url = "https://github.com/nachonovello1984/python-ed-fcad-uner.git"
reference = "HEAD"
resolved_reference = "47cd55e39cd6f34575725460589419e0c2aaa070"

[metadata]
lock-version = "2.0"
python-versions = "^3.12"
content-hash = "2d12dc6b979037ee4185f6c5dffb89ec6a6e339d883b1612fd3a30044234bbde"
